// !$*UTF8*$!
{
	archiveVersion = 1;
	classes = {
	};
	objectVersion = 46;
	objects = {

/* Begin PBXBuildFile section */
		182FD66219D56C3900A20C2F /* AppDelegate.swift in Sources */ = {isa = PBXBuildFile; fileRef = 182FD66119D56C3900A20C2F /* AppDelegate.swift */; };
		182FD66419D56C3900A20C2F /* ViewController.swift in Sources */ = {isa = PBXBuildFile; fileRef = 182FD66319D56C3900A20C2F /* ViewController.swift */; };
		182FD66719D56C3900A20C2F /* Main.storyboard in Resources */ = {isa = PBXBuildFile; fileRef = 182FD66519D56C3900A20C2F /* Main.storyboard */; };
		182FD66919D56C3900A20C2F /* Images.xcassets in Resources */ = {isa = PBXBuildFile; fileRef = 182FD66819D56C3900A20C2F /* Images.xcassets */; };
		182FD66C19D56C3900A20C2F /* LaunchScreen.xib in Resources */ = {isa = PBXBuildFile; fileRef = 182FD66A19D56C3900A20C2F /* LaunchScreen.xib */; };
		182FD67819D56C3900A20C2F /* swiftstartTests.swift in Sources */ = {isa = PBXBuildFile; fileRef = 182FD67719D56C3900A20C2F /* swiftstartTests.swift */; };
/* End PBXBuildFile section */

/* Begin PBXContainerItemProxy section */
		182FD67219D56C3900A20C2F /* PBXContainerItemProxy */ = {
			isa = PBXContainerItemProxy;
			containerPortal = 182FD65419D56C3900A20C2F /* Project object */;
			proxyType = 1;
			remoteGlobalIDString = 182FD65B19D56C3900A20C2F;
			remoteInfo = swiftstart;
		};
/* End PBXContainerItemProxy section */

/* Begin PBXFileReference section */
		182FD65C19D56C3900A20C2F /* swiftstart.app */ = {isa = PBXFileReference; explicitFileType = wrapper.application; includeInIndex = 0; path = swiftstart.app; sourceTree = BUILT_PRODUCTS_DIR; };
		182FD66019D56C3900A20C2F /* Info.plist */ = {isa = PBXFileReference; lastKnownFileType = text.plist.xml; path = Info.plist; sourceTree = "<group>"; };
		182FD66119D56C3900A20C2F /* AppDelegate.swift */ = {isa = PBXFileReference; lastKnownFileType = sourcecode.swift; path = AppDelegate.swift; sourceTree = "<group>"; };
		182FD66319D56C3900A20C2F /* ViewController.swift */ = {isa = PBXFileReference; lastKnownFileType = sourcecode.swift; path = ViewController.swift; sourceTree = "<group>"; };
		182FD66619D56C3900A20C2F /* Base */ = {isa = PBXFileReference; lastKnownFileType = file.storyboard; name = Base; path = Base.lproj/Main.storyboard; sourceTree = "<group>"; };
		182FD66819D56C3900A20C2F /* Images.xcassets */ = {isa = PBXFileReference; lastKnownFileType = folder.assetcatalog; path = Images.xcassets; sourceTree = "<group>"; };
		182FD66B19D56C3900A20C2F /* Base */ = {isa = PBXFileReference; lastKnownFileType = file.xib; name = Base; path = Base.lproj/LaunchScreen.xib; sourceTree = "<group>"; };
		182FD67119D56C3900A20C2F /* swiftstartTests.xctest */ = {isa = PBXFileReference; explicitFileType = wrapper.cfbundle; includeInIndex = 0; path = swiftstartTests.xctest; sourceTree = BUILT_PRODUCTS_DIR; };
		182FD67619D56C3900A20C2F /* Info.plist */ = {isa = PBXFileReference; lastKnownFileType = text.plist.xml; path = Info.plist; sourceTree = "<group>"; };
		182FD67719D56C3900A20C2F /* swiftstartTests.swift */ = {isa = PBXFileReference; lastKnownFileType = sourcecode.swift; path = swiftstartTests.swift; sourceTree = "<group>"; };
/* End PBXFileReference section */

/* Begin PBXFrameworksBuildPhase section */
		182FD65919D56C3900A20C2F /* Frameworks */ = {
			isa = PBXFrameworksBuildPhase;
			buildActionMask = 2147483647;
			files = (
			);
			runOnlyForDeploymentPostprocessing = 0;
		};
		182FD66E19D56C3900A20C2F /* Frameworks */ = {
			isa = PBXFrameworksBuildPhase;
			buildActionMask = 2147483647;
			files = (
			);
			runOnlyForDeploymentPostprocessing = 0;
		};
/* End PBXFrameworksBuildPhase section */

/* Begin PBXGroup section */
		182FD65319D56C3900A20C2F = {
			isa = PBXGroup;
			children = (
				182FD65E19D56C3900A20C2F /* swiftstart */,
				182FD67419D56C3900A20C2F /* swiftstartTests */,
				182FD65D19D56C3900A20C2F /* Products */,
			);
			sourceTree = "<group>";
		};
		182FD65D19D56C3900A20C2F /* Products */ = {
			isa = PBXGroup;
			children = (
				182FD65C19D56C3900A20C2F /* swiftstart.app */,
				182FD67119D56C3900A20C2F /* swiftstartTests.xctest */,
			);
			name = Products;
			sourceTree = "<group>";
		};
		182FD65E19D56C3900A20C2F /* swiftstart */ = {
			isa = PBXGroup;
			children = (
				182FD66119D56C3900A20C2F /* AppDelegate.swift */,
				182FD66319D56C3900A20C2F /* ViewController.swift */,
				182FD66519D56C3900A20C2F /* Main.storyboard */,
				182FD66819D56C3900A20C2F /* Images.xcassets */,
				182FD66A19D56C3900A20C2F /* LaunchScreen.xib */,
				182FD65F19D56C3900A20C2F /* Supporting Files */,
			);
			path = swiftstart;
			sourceTree = "<group>";
		};
		182FD65F19D56C3900A20C2F /* Supporting Files */ = {
			isa = PBXGroup;
			children = (
				182FD66019D56C3900A20C2F /* Info.plist */,
			);
			name = "Supporting Files";
			sourceTree = "<group>";
		};
		182FD67419D56C3900A20C2F /* swiftstartTests */ = {
			isa = PBXGroup;
			children = (
				182FD67719D56C3900A20C2F /* swiftstartTests.swift */,
				182FD67519D56C3900A20C2F /* Supporting Files */,
			);
			path = swiftstartTests;
			sourceTree = "<group>";
		};
		182FD67519D56C3900A20C2F /* Supporting Files */ = {
			isa = PBXGroup;
			children = (
				182FD67619D56C3900A20C2F /* Info.plist */,
			);
			name = "Supporting Files";
			sourceTree = "<group>";
		};
/* End PBXGroup section */

/* Begin PBXNativeTarget section */
		182FD65B19D56C3900A20C2F /* swiftstart */ = {
			isa = PBXNativeTarget;
			buildConfigurationList = 182FD67B19D56C3900A20C2F /* Build configuration list for PBXNativeTarget "swiftstart" */;
			buildPhases = (
				182FD65819D56C3900A20C2F /* Sources */,
				182FD65919D56C3900A20C2F /* Frameworks */,
				182FD65A19D56C3900A20C2F /* Resources */,
			);
			buildRules = (
			);
			dependencies = (
			);
			name = swiftstart;
			productName = swiftstart;
			productReference = 182FD65C19D56C3900A20C2F /* swiftstart.app */;
			productType = "com.apple.product-type.application";
		};
		182FD67019D56C3900A20C2F /* swiftstartTests */ = {
			isa = PBXNativeTarget;
			buildConfigurationList = 182FD67E19D56C3900A20C2F /* Build configuration list for PBXNativeTarget "swiftstartTests" */;
			buildPhases = (
				182FD66D19D56C3900A20C2F /* Sources */,
				182FD66E19D56C3900A20C2F /* Frameworks */,
				182FD66F19D56C3900A20C2F /* Resources */,
			);
			buildRules = (
			);
			dependencies = (
				182FD67319D56C3900A20C2F /* PBXTargetDependency */,
			);
			name = swiftstartTests;
			productName = swiftstartTests;
			productReference = 182FD67119D56C3900A20C2F /* swiftstartTests.xctest */;
			productType = "com.apple.product-type.bundle.unit-test";
		};
/* End PBXNativeTarget section */

/* Begin PBXProject section */
		182FD65419D56C3900A20C2F /* Project object */ = {
			isa = PBXProject;
			attributes = {
				LastUpgradeCheck = 0600;
				ORGANIZATIONNAME = ifzer;
				TargetAttributes = {
					182FD65B19D56C3900A20C2F = {
						CreatedOnToolsVersion = 6.0.1;
					};
					182FD67019D56C3900A20C2F = {
						CreatedOnToolsVersion = 6.0.1;
						TestTargetID = 182FD65B19D56C3900A20C2F;
					};
				};
			};
			buildConfigurationList = 182FD65719D56C3900A20C2F /* Build configuration list for PBXProject "swiftstart" */;
			compatibilityVersion = "Xcode 3.2";
			developmentRegion = English;
			hasScannedForEncodings = 0;
			knownRegions = (
				en,
				Base,
			);
			mainGroup = 182FD65319D56C3900A20C2F;
			productRefGroup = 182FD65D19D56C3900A20C2F /* Products */;
			projectDirPath = "";
			projectRoot = "";
			targets = (
				182FD65B19D56C3900A20C2F /* swiftstart */,
				182FD67019D56C3900A20C2F /* swiftstartTests */,
			);
		};
/* End PBXProject section */

/* Begin PBXResourcesBuildPhase section */
		182FD65A19D56C3900A20C2F /* Resources */ = {
			isa = PBXResourcesBuildPhase;
			buildActionMask = 2147483647;
			files = (
				182FD66719D56C3900A20C2F /* Main.storyboard in Resources */,
				182FD66C19D56C3900A20C2F /* LaunchScreen.xib in Resources */,
				182FD66919D56C3900A20C2F /* Images.xcassets in Resources */,
			);
			runOnlyForDeploymentPostprocessing = 0;
		};
		182FD66F19D56C3900A20C2F /* Resources */ = {
			isa = PBXResourcesBuildPhase;
			buildActionMask = 2147483647;
			files = (
			);
			runOnlyForDeploymentPostprocessing = 0;
		};
/* End PBXResourcesBuildPhase section */

/* Begin PBXSourcesBuildPhase section */
		182FD65819D56C3900A20C2F /* Sources */ = {
			isa = PBXSourcesBuildPhase;
			buildActionMask = 2147483647;
			files = (
				182FD66419D56C3900A20C2F /* ViewController.swift in Sources */,
				182FD66219D56C3900A20C2F /* AppDelegate.swift in Sources */,
			);
			runOnlyForDeploymentPostprocessing = 0;
		};
		182FD66D19D56C3900A20C2F /* Sources */ = {
			isa = PBXSourcesBuildPhase;
			buildActionMask = 2147483647;
			files = (
				182FD67819D56C3900A20C2F /* swiftstartTests.swift in Sources */,
			);
			runOnlyForDeploymentPostprocessing = 0;
		};
/* End PBXSourcesBuildPhase section */

/* Begin PBXTargetDependency section */
		182FD67319D56C3900A20C2F /* PBXTargetDependency */ = {
			isa = PBXTargetDependency;
			target = 182FD65B19D56C3900A20C2F /* swiftstart */;
			targetProxy = 182FD67219D56C3900A20C2F /* PBXContainerItemProxy */;
		};
/* End PBXTargetDependency section */

/* Begin PBXVariantGroup section */
		182FD66519D56C3900A20C2F /* Main.storyboard */ = {
			isa = PBXVariantGroup;
			children = (
				182FD66619D56C3900A20C2F /* Base */,
			);
			name = Main.storyboard;
			sourceTree = "<group>";
		};
		182FD66A19D56C3900A20C2F /* LaunchScreen.xib */ = {
			isa = PBXVariantGroup;
			children = (
				182FD66B19D56C3900A20C2F /* Base */,
			);
			name = LaunchScreen.xib;
			sourceTree = "<group>";
		};
/* End PBXVariantGroup section */

/* Begin XCBuildConfiguration section */
		182FD67919D56C3900A20C2F /* Debug */ = {
			isa = XCBuildConfiguration;
			buildSettings = {
				ALWAYS_SEARCH_USER_PATHS = NO;
				CLANG_CXX_LANGUAGE_STANDARD = "gnu++0x";
				CLANG_CXX_LIBRARY = "libc++";
				CLANG_ENABLE_MODULES = YES;
				CLANG_ENABLE_OBJC_ARC = YES;
				CLANG_WARN_BOOL_CONVERSION = YES;
				CLANG_WARN_CONSTANT_CONVERSION = YES;
				CLANG_WARN_DIRECT_OBJC_ISA_USAGE = YES_ERROR;
				CLANG_WARN_EMPTY_BODY = YES;
				CLANG_WARN_ENUM_CONVERSION = YES;
				CLANG_WARN_INT_CONVERSION = YES;
				CLANG_WARN_OBJC_ROOT_CLASS = YES_ERROR;
				CLANG_WARN_UNREACHABLE_CODE = YES;
				CLANG_WARN__DUPLICATE_METHOD_MATCH = YES;
				"CODE_SIGN_IDENTITY[sdk=iphoneos*]" = "iPhone Developer";
				COPY_PHASE_STRIP = NO;
				ENABLE_STRICT_OBJC_MSGSEND = YES;
				GCC_C_LANGUAGE_STANDARD = gnu99;
				GCC_DYNAMIC_NO_PIC = NO;
				GCC_OPTIMIZATION_LEVEL = 0;
				GCC_PREPROCESSOR_DEFINITIONS = (
					"DEBUG=1",
					"$(inherited)",
				);
				GCC_SYMBOLS_PRIVATE_EXTERN = NO;
				GCC_WARN_64_TO_32_BIT_CONVERSION = YES;
				GCC_WARN_ABOUT_RETURN_TYPE = YES_ERROR;
				GCC_WARN_UNDECLARED_SELECTOR = YES;
				GCC_WARN_UNINITIALIZED_AUTOS = YES_AGGRESSIVE;
				GCC_WARN_UNUSED_FUNCTION = YES;
				GCC_WARN_UNUSED_VARIABLE = YES;
				IPHONEOS_DEPLOYMENT_TARGET = 8.0;
				MTL_ENABLE_DEBUG_INFO = YES;
				ONLY_ACTIVE_ARCH = YES;
				SDKROOT = iphoneos;
				SWIFT_OPTIMIZATION_LEVEL = "-Onone";
			};
			name = Debug;
		};
		182FD67A19D56C3900A20C2F /* Release */ = {
			isa = XCBuildConfiguration;
			buildSettings = {
				ALWAYS_SEARCH_USER_PATHS = NO;
				CLANG_CXX_LANGUAGE_STANDARD = "gnu++0x";
				CLANG_CXX_LIBRARY = "libc++";
				CLANG_ENABLE_MODULES = YES;
				CLANG_ENABLE_OBJC_ARC = YES;
				CLANG_WARN_BOOL_CONVERSION = YES;
				CLANG_WARN_CONSTANT_CONVERSION = YES;
				CLANG_WARN_DIRECT_OBJC_ISA_USAGE = YES_ERROR;
				CLANG_WARN_EMPTY_BODY = YES;
				CLANG_WARN_ENUM_CONVERSION = YES;
				CLANG_WARN_INT_CONVERSION = YES;
				CLANG_WARN_OBJC_ROOT_CLASS = YES_ERROR;
				CLANG_WARN_UNREACHABLE_CODE = YES;
				CLANG_WARN__DUPLICATE_METHOD_MATCH = YES;
				"CODE_SIGN_IDENTITY[sdk=iphoneos*]" = "iPhone Developer";
				COPY_PHASE_STRIP = YES;
				ENABLE_NS_ASSERTIONS = NO;
				ENABLE_STRICT_OBJC_MSGSEND = YES;
				GCC_C_LANGUAGE_STANDARD = gnu99;
				GCC_WARN_64_TO_32_BIT_CONVERSION = YES;
				GCC_WARN_ABOUT_RETURN_TYPE = YES_ERROR;
				GCC_WARN_UNDECLARED_SELECTOR = YES;
				GCC_WARN_UNINITIALIZED_AUTOS = YES_AGGRESSIVE;
				GCC_WARN_UNUSED_FUNCTION = YES;
				GCC_WARN_UNUSED_VARIABLE = YES;
				IPHONEOS_DEPLOYMENT_TARGET = 8.0;
				MTL_ENABLE_DEBUG_INFO = NO;
				SDKROOT = iphoneos;
				VALIDATE_PRODUCT = YES;
			};
			name = Release;
		};
		182FD67C19D56C3900A20C2F /* Debug */ = {
			isa = XCBuildConfiguration;
			buildSettings = {
				ASSETCATALOG_COMPILER_APPICON_NAME = AppIcon;
				INFOPLIST_FILE = swiftstart/Info.plist;
				LD_RUNPATH_SEARCH_PATHS = "$(inherited) @executable_path/Frameworks";
				PRODUCT_NAME = "$(TARGET_NAME)";
			};
			name = Debug;
		};
		182FD67D19D56C3900A20C2F /* Release */ = {
			isa = XCBuildConfiguration;
			buildSettings = {
				ASSETCATALOG_COMPILER_APPICON_NAME = AppIcon;
				INFOPLIST_FILE = swiftstart/Info.plist;
				LD_RUNPATH_SEARCH_PATHS = "$(inherited) @executable_path/Frameworks";
				PRODUCT_NAME = "$(TARGET_NAME)";
			};
			name = Release;
		};
		182FD67F19D56C3900A20C2F /* Debug */ = {
			isa = XCBuildConfiguration;
			buildSettings = {
				BUNDLE_LOADER = "$(TEST_HOST)";
				FRAMEWORK_SEARCH_PATHS = (
					"$(SDKROOT)/Developer/Library/Frameworks",
					"$(inherited)",
				);
				GCC_PREPROCESSOR_DEFINITIONS = (
					"DEBUG=1",
					"$(inherited)",
				);
				INFOPLIST_FILE = swiftstartTests/Info.plist;
				LD_RUNPATH_SEARCH_PATHS = "$(inherited) @executable_path/Frameworks @loader_path/Frameworks";
				PRODUCT_NAME = "$(TARGET_NAME)";
				TEST_HOST = "$(BUILT_PRODUCTS_DIR)/swiftstart.app/swiftstart";
			};
			name = Debug;
		};
		182FD68019D56C3900A20C2F /* Release */ = {
			isa = XCBuildConfiguration;
			buildSettings = {
				BUNDLE_LOADER = "$(TEST_HOST)";
				FRAMEWORK_SEARCH_PATHS = (
					"$(SDKROOT)/Developer/Library/Frameworks",
					"$(inherited)",
				);
				INFOPLIST_FILE = swiftstartTests/Info.plist;
				LD_RUNPATH_SEARCH_PATHS = "$(inherited) @executable_path/Frameworks @loader_path/Frameworks";
				PRODUCT_NAME = "$(TARGET_NAME)";
				TEST_HOST = "$(BUILT_PRODUCTS_DIR)/swiftstart.app/swiftstart";
			};
			name = Release;
		};
/* End XCBuildConfiguration section */

/* Begin XCConfigurationList section */
		182FD65719D56C3900A20C2F /* Build configuration list for PBXProject "swiftstart" */ = {
			isa = XCConfigurationList;
			buildConfigurations = (
				182FD67919D56C3900A20C2F /* Debug */,
				182FD67A19D56C3900A20C2F /* Release */,
			);
			defaultConfigurationIsVisible = 0;
			defaultConfigurationName = Release;
		};
		182FD67B19D56C3900A20C2F /* Build configuration list for PBXNativeTarget "swiftstart" */ = {
			isa = XCConfigurationList;
			buildConfigurations = (
				182FD67C19D56C3900A20C2F /* Debug */,
				182FD67D19D56C3900A20C2F /* Release */,
			);
			defaultConfigurationIsVisible = 0;
		};
		182FD67E19D56C3900A20C2F /* Build configuration list for PBXNativeTarget "swiftstartTests" */ = {
			isa = XCConfigurationList;
			buildConfigurations = (
				182FD67F19D56C3900A20C2F /* Debug */,
				182FD68019D56C3900A20C2F /* Release */,
			);
			defaultConfigurationIsVisible = 0;
		};
/* End XCConfigurationList section */
	};
	rootObject = 182FD65419D56C3900A20C2F /* Project object */;
}
